
Microsoft Visual Studio Solution File, Format Version 12.00
# Visual Studio Version 17
VisualStudioVersion = 17.3.32825.248
MinimumVisualStudioVersion = 10.0.40219.1
Project("{FAE04EC0-301F-11D3-BF4B-00C04F79EFBC}") = "AutoWeaponCalc", "src\AutoWeaponCalc.csproj", "{167369B5-4316-41CA-AEAE-79FAB07289CB}"
EndProject
Project("{2150E333-8FDC-42A3-9474-1A3956D46DE8}") = "resource", "resource", "{122F18B6-B71D-4F7B-8ECF-410F02753F35}"
EndProject
Project("{2150E333-8FDC-42A3-9474-1A3956D46DE8}") = "weaponData", "weaponData", "{26061C02-BDF7-4203-A74A-7F1BF3AD671F}"
	ProjectSection(SolutionItems) = preProject
		resource\weaponData\bow.csv = resource\weaponData\bow.csv
		resource\weaponData\catalyst.csv = resource\weaponData\catalyst.csv
		resource\weaponData\claymore.csv = resource\weaponData\claymore.csv
		resource\weaponData\polearm.csv = resource\weaponData\polearm.csv
		resource\weaponData\sword.csv = resource\weaponData\sword.csv
	EndProjectSection
EndProject
Project("{2150E333-8FDC-42A3-9474-1A3956D46DE8}") = "input", "input", "{5C68AAD0-26D7-4185-880D-B75745687F9D}"
EndProject
Project("{2150E333-8FDC-42A3-9474-1A3956D46DE8}") = "exapmle", "exapmle", "{BA94C91D-D4E5-41E9-A515-91664058B023}"
	ProjectSection(SolutionItems) = preProject
		resource\input\example\artifacts.csv = resource\input\example\artifacts.csv
		resource\input\example\config.txt = resource\input\example\config.txt
	EndProjectSection
EndProject
Project("{FAE04EC0-301F-11D3-BF4B-00C04F79EFBC}") = "test", "test\test.csproj", "{41F5AAAB-8FB0-445A-9751-9BE0006ACAA9}"
EndProject
Global
	GlobalSection(SolutionConfigurationPlatforms) = preSolution
		Debug|Any CPU = Debug|Any CPU
		Release|Any CPU = Release|Any CPU
	EndGlobalSection
	GlobalSection(ProjectConfigurationPlatforms) = postSolution
		{167369B5-4316-41CA-AEAE-79FAB07289CB}.Debug|Any CPU.ActiveCfg = Debug|Any CPU
		{167369B5-4316-41CA-AEAE-79FAB07289CB}.Debug|Any CPU.Build.0 = Debug|Any CPU
		{167369B5-4316-41CA-AEAE-79FAB07289CB}.Release|Any CPU.ActiveCfg = Release|Any CPU
		{167369B5-4316-41CA-AEAE-79FAB07289CB}.Release|Any CPU.Build.0 = Release|Any CPU
		{41F5AAAB-8FB0-445A-9751-9BE0006ACAA9}.Debug|Any CPU.ActiveCfg = Debug|Any CPU
		{41F5AAAB-8FB0-445A-9751-9BE0006ACAA9}.Debug|Any CPU.Build.0 = Debug|Any CPU
		{41F5AAAB-8FB0-445A-9751-9BE0006ACAA9}.Release|Any CPU.ActiveCfg = Release|Any CPU
		{41F5AAAB-8FB0-445A-9751-9BE0006ACAA9}.Release|Any CPU.Build.0 = Release|Any CPU
	EndGlobalSection
	GlobalSection(SolutionProperties) = preSolution
		HideSolutionNode = FALSE
	EndGlobalSection
	GlobalSection(ExtensibilityGlobals) = postSolution
		SolutionGuid = {B4D82CA1-A554-45A4-8FF0-26BB9AF75D67}
	EndGlobalSection
	GlobalSection(NestedProjects) = preSolution
		{BA94C91D-D4E5-41E9-A515-91664058B023} = {5C68AAD0-26D7-4185-880D-B75745687F9D}
		{26061C02-BDF7-4203-A74A-7F1BF3AD671F} = {122F18B6-B71D-4F7B-8ECF-410F02753F35}
		{5C68AAD0-26D7-4185-880D-B75745687F9D} = {122F18B6-B71D-4F7B-8ECF-410F02753F35}
	EndGlobalSection
EndGlobal
