
Microsoft Visual Studio Solution File, Format Version 12.00
# Visual Studio Version 17
VisualStudioVersion = 17.3.32825.248
MinimumVisualStudioVersion = 10.0.40219.1
Project("{FAE04EC0-301F-11D3-BF4B-00C04F79EFBC}") = "AutoWeaponCalc", "AutoWeaponCalc\AutoWeaponCalc.csproj", "{167369B5-4316-41CA-AEAE-79FAB07289CB}"
EndProject
Global
	GlobalSection(SolutionConfigurationPlatforms) = preSolution
		Debug|Any CPU = Debug|Any CPU
		Release|Any CPU = Release|Any CPU
	EndGlobalSection
	GlobalSection(ProjectConfigurationPlatforms) = postSolution
		{167369B5-4316-41CA-AEAE-79FAB07289CB}.Debug|Any CPU.ActiveCfg = Debug|Any CPU
		{167369B5-4316-41CA-AEAE-79FAB07289CB}.Debug|Any CPU.Build.0 = Debug|Any CPU
		{167369B5-4316-41CA-AEAE-79FAB07289CB}.Release|Any CPU.ActiveCfg = Release|Any CPU
		{167369B5-4316-41CA-AEAE-79FAB07289CB}.Release|Any CPU.Build.0 = Release|Any CPU
	EndGlobalSection
	GlobalSection(SolutionProperties) = preSolution
		HideSolutionNode = FALSE
	EndGlobalSection
	GlobalSection(ExtensibilityGlobals) = postSolution
		SolutionGuid = {B4D82CA1-A554-45A4-8FF0-26BB9AF75D67}
	EndGlobalSection
EndGlobal
